
Microsoft Visual Studio Solution File, Format Version 12.00
# Visual Studio 2012
Project("{FAE04EC0-301F-11D3-BF4B-00C04F79EFBC}") = "Allen20480", "Allen20480\Allen20480.csproj", "{51D386C9-D0F7-40D1-97DB-FB61409B5DC1}"
EndProject
Global
	GlobalSection(SolutionConfigurationPlatforms) = preSolution
		Debug|Any CPU = Debug|Any CPU
		Release|Any CPU = Release|Any CPU
	EndGlobalSection
	GlobalSection(ProjectConfigurationPlatforms) = postSolution
		{51D386C9-D0F7-40D1-97DB-FB61409B5DC1}.Debug|Any CPU.ActiveCfg = Debug|Any CPU
		{51D386C9-D0F7-40D1-97DB-FB61409B5DC1}.Debug|Any CPU.Build.0 = Debug|Any CPU
		{51D386C9-D0F7-40D1-97DB-FB61409B5DC1}.Release|Any CPU.ActiveCfg = Release|Any CPU
		{51D386C9-D0F7-40D1-97DB-FB61409B5DC1}.Release|Any CPU.Build.0 = Release|Any CPU
	EndGlobalSection
	GlobalSection(SolutionProperties) = preSolution
		HideSolutionNode = FALSE
	EndGlobalSection
EndGlobal
